{
  "name": "tugas_amin_update",
  "version": "1.0.2",
  "lockfileVersion": 2,
  "requires": true,
  "packages": {
    "": {
      "name": "tugas_amin_update",
      "version": "1.0.2",
      "license": "ISC",
      "dependencies": {
        "tugas_amin_update": "^1.0.0"
      }
    },
    "node_modules/tugas_amin_update": {
      "version": "1.0.2",
      "resolved": "https://registry.npmjs.org/tugas_amin_update/-/tugas_amin_update-1.0.0.tgz",
      "integrity": "sha512-mJ7m/ZN85CPHNlfGqhlMTiGCL1PpjDjIuLXaqpu8nhWOorwLfaObO6gnYutDsYY3qAh6myA/vpdbtwoHUo4ZOQ=="
    }
  },
  "dependencies": {
    "tugas_amin_update": {
      "version": "1.0.2",
      "resolved": "https://registry.npmjs.org/tugas_amin_update/-/tugas_amin_update-1.0.0.tgz",
      "integrity": "sha512-mJ7m/ZN85CPHNlfGqhlMTiGCL1PpjDjIuLXaqpu8nhWOorwLfaObO6gnYutDsYY3qAh6myA/vpdbtwoHUo4ZOQ=="
    }
  }
}
